
Microsoft Visual Studio Solution File, Format Version 12.00
# Visual Studio Version 16
VisualStudioVersion = 16.0.30114.105
MinimumVisualStudioVersion = 10.0.40219.1
Project("{FAE04EC0-301F-11D3-BF4B-00C04F79EFBC}") = "DistanceBetweenCoordinates", "DistanceBetweenCoordinates.Service\DistanceBetweenCoordinates.csproj", "{DF67BA10-BE6F-4956-8D73-958917FA9C1A}"
EndProject
Project("{FAE04EC0-301F-11D3-BF4B-00C04F79EFBC}") = "DistanceBetweenCoordinates.Tests", "DistanceBetweenCoordinates.Tests\DistanceBetweenCoordinates.Tests.csproj", "{DD948920-7A56-408A-BC9D-772A073A3868}"
EndProject
Global
	GlobalSection(SolutionConfigurationPlatforms) = preSolution
		Debug|Any CPU = Debug|Any CPU
		Release|Any CPU = Release|Any CPU
	EndGlobalSection
	GlobalSection(SolutionProperties) = preSolution
		HideSolutionNode = FALSE
	EndGlobalSection
	GlobalSection(ProjectConfigurationPlatforms) = postSolution
		{DF67BA10-BE6F-4956-8D73-958917FA9C1A}.Debug|Any CPU.ActiveCfg = Debug|Any CPU
		{DF67BA10-BE6F-4956-8D73-958917FA9C1A}.Debug|Any CPU.Build.0 = Debug|Any CPU
		{DF67BA10-BE6F-4956-8D73-958917FA9C1A}.Release|Any CPU.ActiveCfg = Release|Any CPU
		{DF67BA10-BE6F-4956-8D73-958917FA9C1A}.Release|Any CPU.Build.0 = Release|Any CPU
		{DD948920-7A56-408A-BC9D-772A073A3868}.Debug|Any CPU.ActiveCfg = Debug|Any CPU
		{DD948920-7A56-408A-BC9D-772A073A3868}.Debug|Any CPU.Build.0 = Debug|Any CPU
		{DD948920-7A56-408A-BC9D-772A073A3868}.Release|Any CPU.ActiveCfg = Release|Any CPU
		{DD948920-7A56-408A-BC9D-772A073A3868}.Release|Any CPU.Build.0 = Release|Any CPU
	EndGlobalSection
EndGlobal
